
Microsoft Visual Studio Solution File, Format Version 12.00
# Visual Studio 15
VisualStudioVersion = 15.0.27130.2024
MinimumVisualStudioVersion = 10.0.40219.1
Project("{9092AA53-FB77-4645-B42D-1CCCA6BD08BD}") = "Sunmait.Boilerplate.Domain", "Sunmait.Boilerplate.Domain\Sunmait.Boilerplate.Domain.njsproj", "{70A5512F-516B-4679-9714-43634E006862}"
EndProject
Project("{9092AA53-FB77-4645-B42D-1CCCA6BD08BD}") = "Sunmait.Boilerplate.API", "Sunmait.Boilerplate.API\Sunmait.Boilerplate.API.njsproj", "{66F157CB-CBD8-48D7-852A-490F882A4F06}"
EndProject
Global
	GlobalSection(SolutionConfigurationPlatforms) = preSolution
		Debug|Any CPU = Debug|Any CPU
		Release|Any CPU = Release|Any CPU
	EndGlobalSection
	GlobalSection(ProjectConfigurationPlatforms) = postSolution
		{70A5512F-516B-4679-9714-43634E006862}.Debug|Any CPU.ActiveCfg = Debug|Any CPU
		{70A5512F-516B-4679-9714-43634E006862}.Debug|Any CPU.Build.0 = Debug|Any CPU
		{70A5512F-516B-4679-9714-43634E006862}.Release|Any CPU.ActiveCfg = Release|Any CPU
		{70A5512F-516B-4679-9714-43634E006862}.Release|Any CPU.Build.0 = Release|Any CPU
		{66F157CB-CBD8-48D7-852A-490F882A4F06}.Debug|Any CPU.ActiveCfg = Debug|Any CPU
		{66F157CB-CBD8-48D7-852A-490F882A4F06}.Debug|Any CPU.Build.0 = Debug|Any CPU
		{66F157CB-CBD8-48D7-852A-490F882A4F06}.Release|Any CPU.ActiveCfg = Release|Any CPU
		{66F157CB-CBD8-48D7-852A-490F882A4F06}.Release|Any CPU.Build.0 = Release|Any CPU
	EndGlobalSection
	GlobalSection(SolutionProperties) = preSolution
		HideSolutionNode = FALSE
	EndGlobalSection
	GlobalSection(ExtensibilityGlobals) = postSolution
		SolutionGuid = {CB31B9CF-AE2E-47CA-8B61-E1C0629D4BD4}
	EndGlobalSection
EndGlobal
